// !$*UTF8*$!
{
	archiveVersion = 1;
	classes = {
	};
	objectVersion = 46;
	objects = {

/* Begin PBXBuildFile section */
		18AA288CE9F1A161EF6EE751 /* Pods.framework in Frameworks */ = {isa = PBXBuildFile; fileRef = ED51165405F57B97F81F9F11 /* Pods.framework */; };
		4D01DB6B1BDD639100B30C0D /* AppDelegate.swift in Sources */ = {isa = PBXBuildFile; fileRef = 4D01DB6A1BDD639100B30C0D /* AppDelegate.swift */; };
		4D01DB6D1BDD639100B30C0D /* ViewController.swift in Sources */ = {isa = PBXBuildFile; fileRef = 4D01DB6C1BDD639100B30C0D /* ViewController.swift */; };
		4D01DB721BDD639100B30C0D /* Assets.xcassets in Resources */ = {isa = PBXBuildFile; fileRef = 4D01DB711BDD639100B30C0D /* Assets.xcassets */; };
		4D01DB801BDD639100B30C0D /* PonduTests.swift in Sources */ = {isa = PBXBuildFile; fileRef = 4D01DB7F1BDD639100B30C0D /* PonduTests.swift */; };
		4D01DB8B1BDD639100B30C0D /* PonduUITests.swift in Sources */ = {isa = PBXBuildFile; fileRef = 4D01DB8A1BDD639100B30C0D /* PonduUITests.swift */; };
		4D1843E11BF2409000B2AFA2 /* MainViewcontroller.swift in Sources */ = {isa = PBXBuildFile; fileRef = 4D1843E01BF2409000B2AFA2 /* MainViewcontroller.swift */; };
		4D1843E31BF2449A00B2AFA2 /* FavoriteViewController.swift in Sources */ = {isa = PBXBuildFile; fileRef = 4D1843E21BF2449A00B2AFA2 /* FavoriteViewController.swift */; };
		4D1843E71BF246CD00B2AFA2 /* FavEventsViewController.swift in Sources */ = {isa = PBXBuildFile; fileRef = 4D1843E61BF246CD00B2AFA2 /* FavEventsViewController.swift */; };
		4D1843E91BF246DD00B2AFA2 /* FavPartiesViewController.swift in Sources */ = {isa = PBXBuildFile; fileRef = 4D1843E81BF246DD00B2AFA2 /* FavPartiesViewController.swift */; };
		4D1843ED1BF24A4D00B2AFA2 /* FavEventCell.swift in Sources */ = {isa = PBXBuildFile; fileRef = 4D1843EC1BF24A4D00B2AFA2 /* FavEventCell.swift */; };
		4D1843EF1BF24A5B00B2AFA2 /* FavPartyCell.swift in Sources */ = {isa = PBXBuildFile; fileRef = 4D1843EE1BF24A5B00B2AFA2 /* FavPartyCell.swift */; };
		4D1843F31BF2DE2A00B2AFA2 /* PanoramaIndicator.swift in Sources */ = {isa = PBXBuildFile; fileRef = 4D1843F11BF2DE2A00B2AFA2 /* PanoramaIndicator.swift */; };
		4D1843F41BF2DE2A00B2AFA2 /* PanoramaView.swift in Sources */ = {isa = PBXBuildFile; fileRef = 4D1843F21BF2DE2A00B2AFA2 /* PanoramaView.swift */; };
		4D1F8F6F1BFE593400C2A61F /* CreateEvent:Party.storyboard in Resources */ = {isa = PBXBuildFile; fileRef = 4D1F8F6E1BFE593400C2A61F /* CreateEvent:Party.storyboard */; };
		4D7C0C9C1BE06D0300CCB2DE /* FavoriteParties.swift in Sources */ = {isa = PBXBuildFile; fileRef = 4D7C0C9B1BE06D0300CCB2DE /* FavoriteParties.swift */; };
		4D7E0B361BFAEF3300FB5289 /* StoryIconVIew.swift in Sources */ = {isa = PBXBuildFile; fileRef = 4D7E0B351BFAEF3300FB5289 /* StoryIconVIew.swift */; };
		4D86683A1BE989B500591DF6 /* CreateEvent.swift in Sources */ = {isa = PBXBuildFile; fileRef = 4D8668391BE989B500591DF6 /* CreateEvent.swift */; };
		4D86683C1BE98F2D00591DF6 /* CreateEventPresenter.swift in Sources */ = {isa = PBXBuildFile; fileRef = 4D86683B1BE98F2D00591DF6 /* CreateEventPresenter.swift */; };
		4D86683E1BE9902200591DF6 /* makeEvent.swift in Sources */ = {isa = PBXBuildFile; fileRef = 4D86683D1BE9902200591DF6 /* makeEvent.swift */; };
		4D8668401BE9A98600591DF6 /* MakeParty.swift in Sources */ = {isa = PBXBuildFile; fileRef = 4D86683F1BE9A98600591DF6 /* MakeParty.swift */; };
		4D8668421BE9A9D100591DF6 /* CreateParty.swift in Sources */ = {isa = PBXBuildFile; fileRef = 4D8668411BE9A9D100591DF6 /* CreateParty.swift */; };
		4D8668441BE9AA5000591DF6 /* CreatePartyPresenter.swift in Sources */ = {isa = PBXBuildFile; fileRef = 4D8668431BE9AA5000591DF6 /* CreatePartyPresenter.swift */; };
		4D91A9D01BE5F5A600C34281 /* Events.swift in Sources */ = {isa = PBXBuildFile; fileRef = 4D91A9CF1BE5F5A600C34281 /* Events.swift */; };
		4D91A9D21BE5F7F200C34281 /* User.swift in Sources */ = {isa = PBXBuildFile; fileRef = 4D91A9D11BE5F7F200C34281 /* User.swift */; };
		4DBF2E9A1BF4DB3D00BD9B2A /* StoryLayout.swift in Sources */ = {isa = PBXBuildFile; fileRef = 4DBF2E991BF4DB3D00BD9B2A /* StoryLayout.swift */; };
		4DC5FAEA1BFA5BF6006AFE00 /* MainStoryCell.swift in Sources */ = {isa = PBXBuildFile; fileRef = 4DC5FAE91BFA5BF6006AFE00 /* MainStoryCell.swift */; };
		4DC5FAEC1BFA5C05006AFE00 /* FavoriteStoryCell.swift in Sources */ = {isa = PBXBuildFile; fileRef = 4DC5FAEB1BFA5C05006AFE00 /* FavoriteStoryCell.swift */; };
		4DCCF8521BF8289B00686B31 /* StoryListViewController.swift in Sources */ = {isa = PBXBuildFile; fileRef = 4DCCF8511BF8289B00686B31 /* StoryListViewController.swift */; };
		4DCCF8541BF8F73800686B31 /* FavStoryListViewController.swift in Sources */ = {isa = PBXBuildFile; fileRef = 4DCCF8531BF8F73800686B31 /* FavStoryListViewController.swift */; };
		4DD174A11BDD8C6600B64E0B /* MainWall.swift in Sources */ = {isa = PBXBuildFile; fileRef = 4DD174A01BDD8C6600B64E0B /* MainWall.swift */; };
		4DD174A31BDD8E9800B64E0B /* ParseMainWall.swift in Sources */ = {isa = PBXBuildFile; fileRef = 4DD174A21BDD8E9800B64E0B /* ParseMainWall.swift */; };
		4DD1E5821BED0B9200F15C6C /* BaseViewController.swift in Sources */ = {isa = PBXBuildFile; fileRef = 4DD1E5811BED0B9200F15C6C /* BaseViewController.swift */; };
		4DD1E5861BED312800F15C6C /* PartyViewController.swift in Sources */ = {isa = PBXBuildFile; fileRef = 4DD1E5851BED312800F15C6C /* PartyViewController.swift */; };
		4DD1E5881BED338700F15C6C /* PartyCell.swift in Sources */ = {isa = PBXBuildFile; fileRef = 4DD1E5871BED338700F15C6C /* PartyCell.swift */; };
		4DD73EEE1BDEC254006055E9 /* SignUp.swift in Sources */ = {isa = PBXBuildFile; fileRef = 4DD73EED1BDEC254006055E9 /* SignUp.swift */; };
		4DD73EF01BDEC25F006055E9 /* Login.swift in Sources */ = {isa = PBXBuildFile; fileRef = 4DD73EEF1BDEC25F006055E9 /* Login.swift */; };
		4DD73EF21BDEC375006055E9 /* UserSignUp.swift in Sources */ = {isa = PBXBuildFile; fileRef = 4DD73EF11BDEC375006055E9 /* UserSignUp.swift */; };
		4DD73EF41BDEC7CF006055E9 /* userLogin.swift in Sources */ = {isa = PBXBuildFile; fileRef = 4DD73EF31BDEC7CF006055E9 /* userLogin.swift */; };
		4DD73EF61BDEF844006055E9 /* ParseComments.swift in Sources */ = {isa = PBXBuildFile; fileRef = 4DD73EF51BDEF844006055E9 /* ParseComments.swift */; };
		4DD73EF81BDEFC33006055E9 /* Comments.swift in Sources */ = {isa = PBXBuildFile; fileRef = 4DD73EF71BDEFC33006055E9 /* Comments.swift */; };
		4DD73EFA1BDF0E04006055E9 /* ParseFavorite.swift in Sources */ = {isa = PBXBuildFile; fileRef = 4DD73EF91BDF0E04006055E9 /* ParseFavorite.swift */; };
		4DD73EFC1BDF11E1006055E9 /* Favorites.swift in Sources */ = {isa = PBXBuildFile; fileRef = 4DD73EFB1BDF11E1006055E9 /* Favorites.swift */; };
		4DE1A1C31BEA7133009BCF55 /* LaunchScreen.storyboard in Resources */ = {isa = PBXBuildFile; fileRef = 4DE1A1C11BEA7133009BCF55 /* LaunchScreen.storyboard */; };
		4DE1A1C41BEA7133009BCF55 /* Main.storyboard in Resources */ = {isa = PBXBuildFile; fileRef = 4DE1A1C21BEA7133009BCF55 /* Main.storyboard */; };
		4DE1A1C61BEA717B009BCF55 /* UltravisualLayout.swift in Sources */ = {isa = PBXBuildFile; fileRef = 4DE1A1C51BEA717B009BCF55 /* UltravisualLayout.swift */; };
		4DE1A1C91BEA73AC009BCF55 /* MainCell.swift in Sources */ = {isa = PBXBuildFile; fileRef = 4DE1A1C81BEA73AC009BCF55 /* MainCell.swift */; };
		4DE1A1CB1BEAB7D1009BCF55 /* LFTPulseAnimation.swift in Sources */ = {isa = PBXBuildFile; fileRef = 4DE1A1CA1BEAB7D1009BCF55 /* LFTPulseAnimation.swift */; };
		4DF2038C1BDDDC1E00A56A67 /* Users.swift in Sources */ = {isa = PBXBuildFile; fileRef = 4DF2038B1BDDDC1E00A56A67 /* Users.swift */; };
		4DF2038E1BDDDCCA00A56A67 /* ParseUser.swift in Sources */ = {isa = PBXBuildFile; fileRef = 4DF2038D1BDDDCCA00A56A67 /* ParseUser.swift */; };
		4DF203901BDE99BF00A56A67 /* Parties.swift in Sources */ = {isa = PBXBuildFile; fileRef = 4DF2038F1BDE99BF00A56A67 /* Parties.swift */; };
		4DF203921BDE99EA00A56A67 /* ParseParties.swift in Sources */ = {isa = PBXBuildFile; fileRef = 4DF203911BDE99EA00A56A67 /* ParseParties.swift */; };
/* End PBXBuildFile section */

/* Begin PBXContainerItemProxy section */
		4D01DB7C1BDD639100B30C0D /* PBXContainerItemProxy */ = {
			isa = PBXContainerItemProxy;
			containerPortal = 4D01DB5F1BDD639100B30C0D /* Project object */;
			proxyType = 1;
			remoteGlobalIDString = 4D01DB661BDD639100B30C0D;
			remoteInfo = Pondu;
		};
		4D01DB871BDD639100B30C0D /* PBXContainerItemProxy */ = {
			isa = PBXContainerItemProxy;
			containerPortal = 4D01DB5F1BDD639100B30C0D /* Project object */;
			proxyType = 1;
			remoteGlobalIDString = 4D01DB661BDD639100B30C0D;
			remoteInfo = Pondu;
		};
/* End PBXContainerItemProxy section */

/* Begin PBXFileReference section */
		4D01DB671BDD639100B30C0D /* Pondu.app */ = {isa = PBXFileReference; explicitFileType = wrapper.application; includeInIndex = 0; path = Pondu.app; sourceTree = BUILT_PRODUCTS_DIR; };
		4D01DB6A1BDD639100B30C0D /* AppDelegate.swift */ = {isa = PBXFileReference; lastKnownFileType = sourcecode.swift; path = AppDelegate.swift; sourceTree = "<group>"; };
		4D01DB6C1BDD639100B30C0D /* ViewController.swift */ = {isa = PBXFileReference; lastKnownFileType = sourcecode.swift; path = ViewController.swift; sourceTree = "<group>"; };
		4D01DB711BDD639100B30C0D /* Assets.xcassets */ = {isa = PBXFileReference; lastKnownFileType = folder.assetcatalog; path = Assets.xcassets; sourceTree = "<group>"; };
		4D01DB761BDD639100B30C0D /* Info.plist */ = {isa = PBXFileReference; lastKnownFileType = text.plist.xml; path = Info.plist; sourceTree = "<group>"; };
		4D01DB7B1BDD639100B30C0D /* PonduTests.xctest */ = {isa = PBXFileReference; explicitFileType = wrapper.cfbundle; includeInIndex = 0; path = PonduTests.xctest; sourceTree = BUILT_PRODUCTS_DIR; };
		4D01DB7F1BDD639100B30C0D /* PonduTests.swift */ = {isa = PBXFileReference; lastKnownFileType = sourcecode.swift; path = PonduTests.swift; sourceTree = "<group>"; };
		4D01DB811BDD639100B30C0D /* Info.plist */ = {isa = PBXFileReference; lastKnownFileType = text.plist.xml; path = Info.plist; sourceTree = "<group>"; };
		4D01DB861BDD639100B30C0D /* PonduUITests.xctest */ = {isa = PBXFileReference; explicitFileType = wrapper.cfbundle; includeInIndex = 0; path = PonduUITests.xctest; sourceTree = BUILT_PRODUCTS_DIR; };
		4D01DB8A1BDD639100B30C0D /* PonduUITests.swift */ = {isa = PBXFileReference; lastKnownFileType = sourcecode.swift; path = PonduUITests.swift; sourceTree = "<group>"; };
		4D01DB8C1BDD639100B30C0D /* Info.plist */ = {isa = PBXFileReference; lastKnownFileType = text.plist.xml; path = Info.plist; sourceTree = "<group>"; };
		4D1843E01BF2409000B2AFA2 /* MainViewcontroller.swift */ = {isa = PBXFileReference; fileEncoding = 4; lastKnownFileType = sourcecode.swift; path = MainViewcontroller.swift; sourceTree = "<group>"; };
		4D1843E21BF2449A00B2AFA2 /* FavoriteViewController.swift */ = {isa = PBXFileReference; fileEncoding = 4; lastKnownFileType = sourcecode.swift; path = FavoriteViewController.swift; sourceTree = "<group>"; };
		4D1843E61BF246CD00B2AFA2 /* FavEventsViewController.swift */ = {isa = PBXFileReference; fileEncoding = 4; lastKnownFileType = sourcecode.swift; path = FavEventsViewController.swift; sourceTree = "<group>"; };
		4D1843E81BF246DD00B2AFA2 /* FavPartiesViewController.swift */ = {isa = PBXFileReference; fileEncoding = 4; lastKnownFileType = sourcecode.swift; path = FavPartiesViewController.swift; sourceTree = "<group>"; };
		4D1843EC1BF24A4D00B2AFA2 /* FavEventCell.swift */ = {isa = PBXFileReference; fileEncoding = 4; lastKnownFileType = sourcecode.swift; path = FavEventCell.swift; sourceTree = "<group>"; };
		4D1843EE1BF24A5B00B2AFA2 /* FavPartyCell.swift */ = {isa = PBXFileReference; fileEncoding = 4; lastKnownFileType = sourcecode.swift; path = FavPartyCell.swift; sourceTree = "<group>"; };
		4D1843F11BF2DE2A00B2AFA2 /* PanoramaIndicator.swift */ = {isa = PBXFileReference; fileEncoding = 4; lastKnownFileType = sourcecode.swift; path = PanoramaIndicator.swift; sourceTree = "<group>"; };
		4D1843F21BF2DE2A00B2AFA2 /* PanoramaView.swift */ = {isa = PBXFileReference; fileEncoding = 4; lastKnownFileType = sourcecode.swift; path = PanoramaView.swift; sourceTree = "<group>"; };
		4D1F8F6E1BFE593400C2A61F /* CreateEvent:Party.storyboard */ = {isa = PBXFileReference; fileEncoding = 4; lastKnownFileType = file.storyboard; path = "CreateEvent:Party.storyboard"; sourceTree = "<group>"; };
		4D7C0C9B1BE06D0300CCB2DE /* FavoriteParties.swift */ = {isa = PBXFileReference; fileEncoding = 4; lastKnownFileType = sourcecode.swift; path = FavoriteParties.swift; sourceTree = "<group>"; };
		4D7E0B351BFAEF3300FB5289 /* StoryIconVIew.swift */ = {isa = PBXFileReference; fileEncoding = 4; lastKnownFileType = sourcecode.swift; path = StoryIconVIew.swift; sourceTree = "<group>"; };
		4D8668391BE989B500591DF6 /* CreateEvent.swift */ = {isa = PBXFileReference; fileEncoding = 4; lastKnownFileType = sourcecode.swift; path = CreateEvent.swift; sourceTree = "<group>"; };
		4D86683B1BE98F2D00591DF6 /* CreateEventPresenter.swift */ = {isa = PBXFileReference; fileEncoding = 4; lastKnownFileType = sourcecode.swift; path = CreateEventPresenter.swift; sourceTree = "<group>"; };
		4D86683D1BE9902200591DF6 /* makeEvent.swift */ = {isa = PBXFileReference; fileEncoding = 4; lastKnownFileType = sourcecode.swift; path = makeEvent.swift; sourceTree = "<group>"; };
		4D86683F1BE9A98600591DF6 /* MakeParty.swift */ = {isa = PBXFileReference; fileEncoding = 4; lastKnownFileType = sourcecode.swift; path = MakeParty.swift; sourceTree = "<group>"; };
		4D8668411BE9A9D100591DF6 /* CreateParty.swift */ = {isa = PBXFileReference; fileEncoding = 4; lastKnownFileType = sourcecode.swift; path = CreateParty.swift; sourceTree = "<group>"; };
		4D8668431BE9AA5000591DF6 /* CreatePartyPresenter.swift */ = {isa = PBXFileReference; fileEncoding = 4; lastKnownFileType = sourcecode.swift; path = CreatePartyPresenter.swift; sourceTree = "<group>"; };
		4D91A9CF1BE5F5A600C34281 /* Events.swift */ = {isa = PBXFileReference; fileEncoding = 4; lastKnownFileType = sourcecode.swift; path = Events.swift; sourceTree = "<group>"; };
		4D91A9D11BE5F7F200C34281 /* User.swift */ = {isa = PBXFileReference; fileEncoding = 4; lastKnownFileType = sourcecode.swift; path = User.swift; sourceTree = "<group>"; };
		4DBF2E991BF4DB3D00BD9B2A /* StoryLayout.swift */ = {isa = PBXFileReference; fileEncoding = 4; lastKnownFileType = sourcecode.swift; path = StoryLayout.swift; sourceTree = "<group>"; };
		4DC5FAE91BFA5BF6006AFE00 /* MainStoryCell.swift */ = {isa = PBXFileReference; fileEncoding = 4; lastKnownFileType = sourcecode.swift; path = MainStoryCell.swift; sourceTree = "<group>"; };
		4DC5FAEB1BFA5C05006AFE00 /* FavoriteStoryCell.swift */ = {isa = PBXFileReference; fileEncoding = 4; lastKnownFileType = sourcecode.swift; path = FavoriteStoryCell.swift; sourceTree = "<group>"; };
		4DCCF8511BF8289B00686B31 /* StoryListViewController.swift */ = {isa = PBXFileReference; fileEncoding = 4; lastKnownFileType = sourcecode.swift; path = StoryListViewController.swift; sourceTree = "<group>"; };
		4DCCF8531BF8F73800686B31 /* FavStoryListViewController.swift */ = {isa = PBXFileReference; fileEncoding = 4; lastKnownFileType = sourcecode.swift; path = FavStoryListViewController.swift; sourceTree = "<group>"; };
		4DD1749F1BDD7F5400B64E0B /* Header.h */ = {isa = PBXFileReference; lastKnownFileType = sourcecode.c.h; path = Header.h; sourceTree = "<group>"; };
		4DD174A01BDD8C6600B64E0B /* MainWall.swift */ = {isa = PBXFileReference; fileEncoding = 4; lastKnownFileType = sourcecode.swift; path = MainWall.swift; sourceTree = "<group>"; };
		4DD174A21BDD8E9800B64E0B /* ParseMainWall.swift */ = {isa = PBXFileReference; fileEncoding = 4; lastKnownFileType = sourcecode.swift; path = ParseMainWall.swift; sourceTree = "<group>"; };
		4DD1E5811BED0B9200F15C6C /* BaseViewController.swift */ = {isa = PBXFileReference; fileEncoding = 4; lastKnownFileType = sourcecode.swift; path = BaseViewController.swift; sourceTree = "<group>"; };
		4DD1E5851BED312800F15C6C /* PartyViewController.swift */ = {isa = PBXFileReference; fileEncoding = 4; lastKnownFileType = sourcecode.swift; path = PartyViewController.swift; sourceTree = "<group>"; };
		4DD1E5871BED338700F15C6C /* PartyCell.swift */ = {isa = PBXFileReference; fileEncoding = 4; lastKnownFileType = sourcecode.swift; path = PartyCell.swift; sourceTree = "<group>"; };
		4DD73EED1BDEC254006055E9 /* SignUp.swift */ = {isa = PBXFileReference; fileEncoding = 4; lastKnownFileType = sourcecode.swift; path = SignUp.swift; sourceTree = "<group>"; };
		4DD73EEF1BDEC25F006055E9 /* Login.swift */ = {isa = PBXFileReference; fileEncoding = 4; lastKnownFileType = sourcecode.swift; path = Login.swift; sourceTree = "<group>"; };
		4DD73EF11BDEC375006055E9 /* UserSignUp.swift */ = {isa = PBXFileReference; fileEncoding = 4; lastKnownFileType = sourcecode.swift; path = UserSignUp.swift; sourceTree = "<group>"; };
		4DD73EF31BDEC7CF006055E9 /* userLogin.swift */ = {isa = PBXFileReference; fileEncoding = 4; lastKnownFileType = sourcecode.swift; path = userLogin.swift; sourceTree = "<group>"; };
		4DD73EF51BDEF844006055E9 /* ParseComments.swift */ = {isa = PBXFileReference; fileEncoding = 4; lastKnownFileType = sourcecode.swift; path = ParseComments.swift; sourceTree = "<group>"; };
		4DD73EF71BDEFC33006055E9 /* Comments.swift */ = {isa = PBXFileReference; fileEncoding = 4; lastKnownFileType = sourcecode.swift; path = Comments.swift; sourceTree = "<group>"; };
		4DD73EF91BDF0E04006055E9 /* ParseFavorite.swift */ = {isa = PBXFileReference; fileEncoding = 4; lastKnownFileType = sourcecode.swift; path = ParseFavorite.swift; sourceTree = "<group>"; };
		4DD73EFB1BDF11E1006055E9 /* Favorites.swift */ = {isa = PBXFileReference; fileEncoding = 4; lastKnownFileType = sourcecode.swift; path = Favorites.swift; sourceTree = "<group>"; };
		4DE1A1C11BEA7133009BCF55 /* LaunchScreen.storyboard */ = {isa = PBXFileReference; fileEncoding = 4; lastKnownFileType = file.storyboard; path = LaunchScreen.storyboard; sourceTree = "<group>"; };
		4DE1A1C21BEA7133009BCF55 /* Main.storyboard */ = {isa = PBXFileReference; fileEncoding = 4; lastKnownFileType = file.storyboard; path = Main.storyboard; sourceTree = "<group>"; };
		4DE1A1C51BEA717B009BCF55 /* UltravisualLayout.swift */ = {isa = PBXFileReference; fileEncoding = 4; lastKnownFileType = sourcecode.swift; path = UltravisualLayout.swift; sourceTree = "<group>"; };
		4DE1A1C81BEA73AC009BCF55 /* MainCell.swift */ = {isa = PBXFileReference; fileEncoding = 4; lastKnownFileType = sourcecode.swift; path = MainCell.swift; sourceTree = "<group>"; };
		4DE1A1CA1BEAB7D1009BCF55 /* LFTPulseAnimation.swift */ = {isa = PBXFileReference; fileEncoding = 4; lastKnownFileType = sourcecode.swift; path = LFTPulseAnimation.swift; sourceTree = "<group>"; };
		4DF2038B1BDDDC1E00A56A67 /* Users.swift */ = {isa = PBXFileReference; fileEncoding = 4; lastKnownFileType = sourcecode.swift; path = Users.swift; sourceTree = "<group>"; };
		4DF2038D1BDDDCCA00A56A67 /* ParseUser.swift */ = {isa = PBXFileReference; fileEncoding = 4; lastKnownFileType = sourcecode.swift; path = ParseUser.swift; sourceTree = "<group>"; };
		4DF2038F1BDE99BF00A56A67 /* Parties.swift */ = {isa = PBXFileReference; fileEncoding = 4; lastKnownFileType = sourcecode.swift; path = Parties.swift; sourceTree = "<group>"; };
		4DF203911BDE99EA00A56A67 /* ParseParties.swift */ = {isa = PBXFileReference; fileEncoding = 4; lastKnownFileType = sourcecode.swift; path = ParseParties.swift; sourceTree = "<group>"; };
		78932290621BC3D56EBC5FA4 /* Pods.debug.xcconfig */ = {isa = PBXFileReference; includeInIndex = 1; lastKnownFileType = text.xcconfig; name = Pods.debug.xcconfig; path = "Pods/Target Support Files/Pods/Pods.debug.xcconfig"; sourceTree = "<group>"; };
		AEAEA2AD6909E8F8C4063850 /* Pods.release.xcconfig */ = {isa = PBXFileReference; includeInIndex = 1; lastKnownFileType = text.xcconfig; name = Pods.release.xcconfig; path = "Pods/Target Support Files/Pods/Pods.release.xcconfig"; sourceTree = "<group>"; };
		ED51165405F57B97F81F9F11 /* Pods.framework */ = {isa = PBXFileReference; explicitFileType = wrapper.framework; includeInIndex = 0; path = Pods.framework; sourceTree = BUILT_PRODUCTS_DIR; };
/* End PBXFileReference section */

/* Begin PBXFrameworksBuildPhase section */
		4D01DB641BDD639100B30C0D /* Frameworks */ = {
			isa = PBXFrameworksBuildPhase;
			buildActionMask = 2147483647;
			files = (
				18AA288CE9F1A161EF6EE751 /* Pods.framework in Frameworks */,
			);
			runOnlyForDeploymentPostprocessing = 0;
		};
		4D01DB781BDD639100B30C0D /* Frameworks */ = {
			isa = PBXFrameworksBuildPhase;
			buildActionMask = 2147483647;
			files = (
			);
			runOnlyForDeploymentPostprocessing = 0;
		};
		4D01DB831BDD639100B30C0D /* Frameworks */ = {
			isa = PBXFrameworksBuildPhase;
			buildActionMask = 2147483647;
			files = (
			);
			runOnlyForDeploymentPostprocessing = 0;
		};
/* End PBXFrameworksBuildPhase section */

/* Begin PBXGroup section */
		39A02C3176B922AFE4250EC3 /* Pods */ = {
			isa = PBXGroup;
			children = (
				78932290621BC3D56EBC5FA4 /* Pods.debug.xcconfig */,
				AEAEA2AD6909E8F8C4063850 /* Pods.release.xcconfig */,
			);
			name = Pods;
			sourceTree = "<group>";
		};
		4D01DB5E1BDD639100B30C0D = {
			isa = PBXGroup;
			children = (
				4D01DB691BDD639100B30C0D /* Pondu */,
				4D01DB7E1BDD639100B30C0D /* PonduTests */,
				4D01DB891BDD639100B30C0D /* PonduUITests */,
				4D01DB681BDD639100B30C0D /* Products */,
				39A02C3176B922AFE4250EC3 /* Pods */,
				B0BCD945258090FAB7A8C65A /* Frameworks */,
			);
			sourceTree = "<group>";
		};
		4D01DB681BDD639100B30C0D /* Products */ = {
			isa = PBXGroup;
			children = (
				4D01DB671BDD639100B30C0D /* Pondu.app */,
				4D01DB7B1BDD639100B30C0D /* PonduTests.xctest */,
				4D01DB861BDD639100B30C0D /* PonduUITests.xctest */,
			);
			name = Products;
			sourceTree = "<group>";
		};
		4D01DB691BDD639100B30C0D /* Pondu */ = {
			isa = PBXGroup;
			children = (
				4D91A9CE1BE5F56300C34281 /* Classes */,
				4D7C0CA01BE08B6400CCB2DE /* UI */,
				4DD1749E1BDD794E00B64E0B /* Client */,
				4D01DB6A1BDD639100B30C0D /* AppDelegate.swift */,
				4D01DB711BDD639100B30C0D /* Assets.xcassets */,
				4D01DB761BDD639100B30C0D /* Info.plist */,
				4DD1749F1BDD7F5400B64E0B /* Header.h */,
			);
			path = Pondu;
			sourceTree = "<group>";
		};
		4D01DB7E1BDD639100B30C0D /* PonduTests */ = {
			isa = PBXGroup;
			children = (
				4D01DB7F1BDD639100B30C0D /* PonduTests.swift */,
				4D01DB811BDD639100B30C0D /* Info.plist */,
			);
			path = PonduTests;
			sourceTree = "<group>";
		};
		4D01DB891BDD639100B30C0D /* PonduUITests */ = {
			isa = PBXGroup;
			children = (
				4D01DB8A1BDD639100B30C0D /* PonduUITests.swift */,
				4D01DB8C1BDD639100B30C0D /* Info.plist */,
			);
			path = PonduUITests;
			sourceTree = "<group>";
		};
		4D1843E41BF2450E00B2AFA2 /* Favorites */ = {
			isa = PBXGroup;
			children = (
				4D1843E21BF2449A00B2AFA2 /* FavoriteViewController.swift */,
				4D1843E61BF246CD00B2AFA2 /* FavEventsViewController.swift */,
				4D1843E81BF246DD00B2AFA2 /* FavPartiesViewController.swift */,
				4DCCF8531BF8F73800686B31 /* FavStoryListViewController.swift */,
			);
			path = Favorites;
			sourceTree = "<group>";
		};
		4D1843E51BF2454500B2AFA2 /* MainWall */ = {
			isa = PBXGroup;
			children = (
				4D01DB6C1BDD639100B30C0D /* ViewController.swift */,
				4DD1E5811BED0B9200F15C6C /* BaseViewController.swift */,
				4DD1E5851BED312800F15C6C /* PartyViewController.swift */,
				4DCCF8511BF8289B00686B31 /* StoryListViewController.swift */,
			);
			path = MainWall;
			sourceTree = "<group>";
		};
		4D1843F01BF2DE0000B2AFA2 /* Panoramic */ = {
			isa = PBXGroup;
			children = (
				4D1843F11BF2DE2A00B2AFA2 /* PanoramaIndicator.swift */,
				4D1843F21BF2DE2A00B2AFA2 /* PanoramaView.swift */,
			);
			path = Panoramic;
			sourceTree = "<group>";
		};
		4D7C0CA01BE08B6400CCB2DE /* UI */ = {
			isa = PBXGroup;
			children = (
				4DE1A1C71BEA724B009BCF55 /* CollectionViewCell */,
				4DE1A1C01BEA6FC8009BCF55 /* Storyboards&Xibs */,
				4DE1A1BF1BEA6FBE009BCF55 /* ViewControllers */,
				4DE1A1BE1BEA6FB1009BCF55 /* Views */,
				4DE1A1BD1BEA6F9D009BCF55 /* Layouts */,
				4DE1A1BB1BEA6F85009BCF55 /* Extensions */,
			);
			path = UI;
			sourceTree = "<group>";
		};
		4D91A9CE1BE5F56300C34281 /* Classes */ = {
			isa = PBXGroup;
			children = (
				4D91A9CF1BE5F5A600C34281 /* Events.swift */,
				4D91A9D11BE5F7F200C34281 /* User.swift */,
				4D86683D1BE9902200591DF6 /* makeEvent.swift */,
				4D86683F1BE9A98600591DF6 /* MakeParty.swift */,
			);
			path = Classes;
			sourceTree = "<group>";
		};
		4DD1749D1BDD793F00B64E0B /* Presenters */ = {
			isa = PBXGroup;
			children = (
				4DD174A01BDD8C6600B64E0B /* MainWall.swift */,
				4DF2038B1BDDDC1E00A56A67 /* Users.swift */,
				4DF2038F1BDE99BF00A56A67 /* Parties.swift */,
				4DD73EF11BDEC375006055E9 /* UserSignUp.swift */,
				4DD73EF31BDEC7CF006055E9 /* userLogin.swift */,
				4DD73EF71BDEFC33006055E9 /* Comments.swift */,
				4DD73EFB1BDF11E1006055E9 /* Favorites.swift */,
				4D7C0C9B1BE06D0300CCB2DE /* FavoriteParties.swift */,
				4D86683B1BE98F2D00591DF6 /* CreateEventPresenter.swift */,
				4D8668431BE9AA5000591DF6 /* CreatePartyPresenter.swift */,
			);
			name = Presenters;
			path = ../Presenters;
			sourceTree = "<group>";
		};
		4DD1749E1BDD794E00B64E0B /* Client */ = {
			isa = PBXGroup;
			children = (
				4D8668411BE9A9D100591DF6 /* CreateParty.swift */,
				4D8668391BE989B500591DF6 /* CreateEvent.swift */,
				4DD174A21BDD8E9800B64E0B /* ParseMainWall.swift */,
				4DF2038D1BDDDCCA00A56A67 /* ParseUser.swift */,
				4DF203911BDE99EA00A56A67 /* ParseParties.swift */,
				4DD73EED1BDEC254006055E9 /* SignUp.swift */,
				4DD73EEF1BDEC25F006055E9 /* Login.swift */,
				4DD73EF51BDEF844006055E9 /* ParseComments.swift */,
				4DD73EF91BDF0E04006055E9 /* ParseFavorite.swift */,
				4DD1749D1BDD793F00B64E0B /* Presenters */,
			);
			path = Client;
			sourceTree = "<group>";
		};
		4DE1A1BB1BEA6F85009BCF55 /* Extensions */ = {
			isa = PBXGroup;
			children = (
				4D1843F01BF2DE0000B2AFA2 /* Panoramic */,
				4DE1A1CA1BEAB7D1009BCF55 /* LFTPulseAnimation.swift */,
			);
			path = Extensions;
			sourceTree = "<group>";
		};
		4DE1A1BD1BEA6F9D009BCF55 /* Layouts */ = {
			isa = PBXGroup;
			children = (
				4DE1A1C51BEA717B009BCF55 /* UltravisualLayout.swift */,
				4DBF2E991BF4DB3D00BD9B2A /* StoryLayout.swift */,
			);
			path = Layouts;
			sourceTree = "<group>";
		};
		4DE1A1BE1BEA6FB1009BCF55 /* Views */ = {
			isa = PBXGroup;
			children = (
				4D7E0B351BFAEF3300FB5289 /* StoryIconVIew.swift */,
			);
			path = Views;
			sourceTree = "<group>";
		};
		4DE1A1BF1BEA6FBE009BCF55 /* ViewControllers */ = {
			isa = PBXGroup;
			children = (
				4D1843E41BF2450E00B2AFA2 /* Favorites */,
				4D1843E51BF2454500B2AFA2 /* MainWall */,
				4D1843E01BF2409000B2AFA2 /* MainViewcontroller.swift */,
			);
			path = ViewControllers;
			sourceTree = "<group>";
		};
		4DE1A1C01BEA6FC8009BCF55 /* Storyboards&Xibs */ = {
			isa = PBXGroup;
			children = (
				4DE1A1C11BEA7133009BCF55 /* LaunchScreen.storyboard */,
				4DE1A1C21BEA7133009BCF55 /* Main.storyboard */,
				4D1F8F6E1BFE593400C2A61F /* CreateEvent:Party.storyboard */,
			);
			path = "Storyboards&Xibs";
			sourceTree = "<group>";
		};
		4DE1A1C71BEA724B009BCF55 /* CollectionViewCell */ = {
			isa = PBXGroup;
			children = (
				4DE1A1C81BEA73AC009BCF55 /* MainCell.swift */,
				4DD1E5871BED338700F15C6C /* PartyCell.swift */,
				4D1843EC1BF24A4D00B2AFA2 /* FavEventCell.swift */,
				4D1843EE1BF24A5B00B2AFA2 /* FavPartyCell.swift */,
				4DC5FAE91BFA5BF6006AFE00 /* MainStoryCell.swift */,
				4DC5FAEB1BFA5C05006AFE00 /* FavoriteStoryCell.swift */,
			);
			path = CollectionViewCell;
			sourceTree = "<group>";
		};
		B0BCD945258090FAB7A8C65A /* Frameworks */ = {
			isa = PBXGroup;
			children = (
				ED51165405F57B97F81F9F11 /* Pods.framework */,
			);
			name = Frameworks;
			sourceTree = "<group>";
		};
/* End PBXGroup section */

/* Begin PBXNativeTarget section */
		4D01DB661BDD639100B30C0D /* Pondu */ = {
			isa = PBXNativeTarget;
			buildConfigurationList = 4D01DB8F1BDD639100B30C0D /* Build configuration list for PBXNativeTarget "Pondu" */;
			buildPhases = (
				782AB758BC672528EFAA5CA0 /* Check Pods Manifest.lock */,
				4D01DB631BDD639100B30C0D /* Sources */,
				4D01DB641BDD639100B30C0D /* Frameworks */,
				4D01DB651BDD639100B30C0D /* Resources */,
				1986ACDF2AA5E5982919456D /* Embed Pods Frameworks */,
				8C2D3F2A20E2B6464E95A07D /* Copy Pods Resources */,
			);
			buildRules = (
			);
			dependencies = (
			);
			name = Pondu;
			productName = Pondu;
			productReference = 4D01DB671BDD639100B30C0D /* Pondu.app */;
			productType = "com.apple.product-type.application";
		};
		4D01DB7A1BDD639100B30C0D /* PonduTests */ = {
			isa = PBXNativeTarget;
			buildConfigurationList = 4D01DB921BDD639100B30C0D /* Build configuration list for PBXNativeTarget "PonduTests" */;
			buildPhases = (
				4D01DB771BDD639100B30C0D /* Sources */,
				4D01DB781BDD639100B30C0D /* Frameworks */,
				4D01DB791BDD639100B30C0D /* Resources */,
			);
			buildRules = (
			);
			dependencies = (
				4D01DB7D1BDD639100B30C0D /* PBXTargetDependency */,
			);
			name = PonduTests;
			productName = PonduTests;
			productReference = 4D01DB7B1BDD639100B30C0D /* PonduTests.xctest */;
			productType = "com.apple.product-type.bundle.unit-test";
		};
		4D01DB851BDD639100B30C0D /* PonduUITests */ = {
			isa = PBXNativeTarget;
			buildConfigurationList = 4D01DB951BDD639100B30C0D /* Build configuration list for PBXNativeTarget "PonduUITests" */;
			buildPhases = (
				4D01DB821BDD639100B30C0D /* Sources */,
				4D01DB831BDD639100B30C0D /* Frameworks */,
				4D01DB841BDD639100B30C0D /* Resources */,
			);
			buildRules = (
			);
			dependencies = (
				4D01DB881BDD639100B30C0D /* PBXTargetDependency */,
			);
			name = PonduUITests;
			productName = PonduUITests;
			productReference = 4D01DB861BDD639100B30C0D /* PonduUITests.xctest */;
			productType = "com.apple.product-type.bundle.ui-testing";
		};
/* End PBXNativeTarget section */

/* Begin PBXProject section */
		4D01DB5F1BDD639100B30C0D /* Project object */ = {
			isa = PBXProject;
			attributes = {
				LastSwiftUpdateCheck = 0710;
				LastUpgradeCheck = 0710;
				ORGANIZATIONNAME = "Jonathan Green";
				TargetAttributes = {
					4D01DB661BDD639100B30C0D = {
						CreatedOnToolsVersion = 7.1;
						DevelopmentTeam = 2K5QEB378V;
					};
					4D01DB7A1BDD639100B30C0D = {
						CreatedOnToolsVersion = 7.1;
						TestTargetID = 4D01DB661BDD639100B30C0D;
					};
					4D01DB851BDD639100B30C0D = {
						CreatedOnToolsVersion = 7.1;
						TestTargetID = 4D01DB661BDD639100B30C0D;
					};
				};
			};
			buildConfigurationList = 4D01DB621BDD639100B30C0D /* Build configuration list for PBXProject "Pondu" */;
			compatibilityVersion = "Xcode 3.2";
			developmentRegion = English;
			hasScannedForEncodings = 0;
			knownRegions = (
				en,
				Base,
			);
			mainGroup = 4D01DB5E1BDD639100B30C0D;
			productRefGroup = 4D01DB681BDD639100B30C0D /* Products */;
			projectDirPath = "";
			projectRoot = "";
			targets = (
				4D01DB661BDD639100B30C0D /* Pondu */,
				4D01DB7A1BDD639100B30C0D /* PonduTests */,
				4D01DB851BDD639100B30C0D /* PonduUITests */,
			);
		};
/* End PBXProject section */

/* Begin PBXResourcesBuildPhase section */
		4D01DB651BDD639100B30C0D /* Resources */ = {
			isa = PBXResourcesBuildPhase;
			buildActionMask = 2147483647;
			files = (
				4DE1A1C41BEA7133009BCF55 /* Main.storyboard in Resources */,
				4D01DB721BDD639100B30C0D /* Assets.xcassets in Resources */,
				4DE1A1C31BEA7133009BCF55 /* LaunchScreen.storyboard in Resources */,
				4D1F8F6F1BFE593400C2A61F /* CreateEvent:Party.storyboard in Resources */,
			);
			runOnlyForDeploymentPostprocessing = 0;
		};
		4D01DB791BDD639100B30C0D /* Resources */ = {
			isa = PBXResourcesBuildPhase;
			buildActionMask = 2147483647;
			files = (
			);
			runOnlyForDeploymentPostprocessing = 0;
		};
		4D01DB841BDD639100B30C0D /* Resources */ = {
			isa = PBXResourcesBuildPhase;
			buildActionMask = 2147483647;
			files = (
			);
			runOnlyForDeploymentPostprocessing = 0;
		};
/* End PBXResourcesBuildPhase section */

/* Begin PBXShellScriptBuildPhase section */
		1986ACDF2AA5E5982919456D /* Embed Pods Frameworks */ = {
			isa = PBXShellScriptBuildPhase;
			buildActionMask = 2147483647;
			files = (
			);
			inputPaths = (
			);
			name = "Embed Pods Frameworks";
			outputPaths = (
			);
			runOnlyForDeploymentPostprocessing = 0;
			shellPath = /bin/sh;
			shellScript = "\"${SRCROOT}/Pods/Target Support Files/Pods/Pods-frameworks.sh\"\n";
			showEnvVarsInLog = 0;
		};
		782AB758BC672528EFAA5CA0 /* Check Pods Manifest.lock */ = {
			isa = PBXShellScriptBuildPhase;
			buildActionMask = 2147483647;
			files = (
			);
			inputPaths = (
			);
			name = "Check Pods Manifest.lock";
			outputPaths = (
			);
			runOnlyForDeploymentPostprocessing = 0;
			shellPath = /bin/sh;
			shellScript = "diff \"${PODS_ROOT}/../Podfile.lock\" \"${PODS_ROOT}/Manifest.lock\" > /dev/null\nif [[ $? != 0 ]] ; then\n    cat << EOM\nerror: The sandbox is not in sync with the Podfile.lock. Run 'pod install' or update your CocoaPods installation.\nEOM\n    exit 1\nfi\n";
			showEnvVarsInLog = 0;
		};
		8C2D3F2A20E2B6464E95A07D /* Copy Pods Resources */ = {
			isa = PBXShellScriptBuildPhase;
			buildActionMask = 2147483647;
			files = (
			);
			inputPaths = (
			);
			name = "Copy Pods Resources";
			outputPaths = (
			);
			runOnlyForDeploymentPostprocessing = 0;
			shellPath = /bin/sh;
			shellScript = "\"${SRCROOT}/Pods/Target Support Files/Pods/Pods-resources.sh\"\n";
			showEnvVarsInLog = 0;
		};
/* End PBXShellScriptBuildPhase section */

/* Begin PBXSourcesBuildPhase section */
		4D01DB631BDD639100B30C0D /* Sources */ = {
			isa = PBXSourcesBuildPhase;
			buildActionMask = 2147483647;
			files = (
				4D1843EF1BF24A5B00B2AFA2 /* FavPartyCell.swift in Sources */,
				4D91A9D01BE5F5A600C34281 /* Events.swift in Sources */,
				4DCCF8541BF8F73800686B31 /* FavStoryListViewController.swift in Sources */,
				4DF203921BDE99EA00A56A67 /* ParseParties.swift in Sources */,
				4D86683A1BE989B500591DF6 /* CreateEvent.swift in Sources */,
				4DCCF8521BF8289B00686B31 /* StoryListViewController.swift in Sources */,
				4DD73EF01BDEC25F006055E9 /* Login.swift in Sources */,
				4DF2038E1BDDDCCA00A56A67 /* ParseUser.swift in Sources */,
				4DE1A1CB1BEAB7D1009BCF55 /* LFTPulseAnimation.swift in Sources */,
				4DBF2E9A1BF4DB3D00BD9B2A /* StoryLayout.swift in Sources */,
				4D8668421BE9A9D100591DF6 /* CreateParty.swift in Sources */,
				4D1843E11BF2409000B2AFA2 /* MainViewcontroller.swift in Sources */,
				4D86683C1BE98F2D00591DF6 /* CreateEventPresenter.swift in Sources */,
				4DD73EF81BDEFC33006055E9 /* Comments.swift in Sources */,
				4DD73EFA1BDF0E04006055E9 /* ParseFavorite.swift in Sources */,
				4D8668401BE9A98600591DF6 /* MakeParty.swift in Sources */,
				4D1843E31BF2449A00B2AFA2 /* FavoriteViewController.swift in Sources */,
				4DD73EF21BDEC375006055E9 /* UserSignUp.swift in Sources */,
				4DD1E5881BED338700F15C6C /* PartyCell.swift in Sources */,
				4DD174A11BDD8C6600B64E0B /* MainWall.swift in Sources */,
				4D1843ED1BF24A4D00B2AFA2 /* FavEventCell.swift in Sources */,
				4D91A9D21BE5F7F200C34281 /* User.swift in Sources */,
				4D86683E1BE9902200591DF6 /* makeEvent.swift in Sources */,
				4D01DB6D1BDD639100B30C0D /* ViewController.swift in Sources */,
				4DE1A1C61BEA717B009BCF55 /* UltravisualLayout.swift in Sources */,
				4D7C0C9C1BE06D0300CCB2DE /* FavoriteParties.swift in Sources */,
				4DC5FAEA1BFA5BF6006AFE00 /* MainStoryCell.swift in Sources */,
				4DD73EF41BDEC7CF006055E9 /* userLogin.swift in Sources */,
				4DD1E5861BED312800F15C6C /* PartyViewController.swift in Sources */,
				4DF2038C1BDDDC1E00A56A67 /* Users.swift in Sources */,
				4DF203901BDE99BF00A56A67 /* Parties.swift in Sources */,
				4D7E0B361BFAEF3300FB5289 /* StoryIconVIew.swift in Sources */,
				4DD174A31BDD8E9800B64E0B /* ParseMainWall.swift in Sources */,
				4DD73EEE1BDEC254006055E9 /* SignUp.swift in Sources */,
				4DD73EFC1BDF11E1006055E9 /* Favorites.swift in Sources */,
				4D1843E91BF246DD00B2AFA2 /* FavPartiesViewController.swift in Sources */,
				4D8668441BE9AA5000591DF6 /* CreatePartyPresenter.swift in Sources */,
				4D01DB6B1BDD639100B30C0D /* AppDelegate.swift in Sources */,
				4DD73EF61BDEF844006055E9 /* ParseComments.swift in Sources */,
				4DE1A1C91BEA73AC009BCF55 /* MainCell.swift in Sources */,
				4D1843F41BF2DE2A00B2AFA2 /* PanoramaView.swift in Sources */,
				4D1843E71BF246CD00B2AFA2 /* FavEventsViewController.swift in Sources */,
				4D1843F31BF2DE2A00B2AFA2 /* PanoramaIndicator.swift in Sources */,
				4DD1E5821BED0B9200F15C6C /* BaseViewController.swift in Sources */,
				4DC5FAEC1BFA5C05006AFE00 /* FavoriteStoryCell.swift in Sources */,
			);
			runOnlyForDeploymentPostprocessing = 0;
		};
		4D01DB771BDD639100B30C0D /* Sources */ = {
			isa = PBXSourcesBuildPhase;
			buildActionMask = 2147483647;
			files = (
				4D01DB801BDD639100B30C0D /* PonduTests.swift in Sources */,
			);
			runOnlyForDeploymentPostprocessing = 0;
		};
		4D01DB821BDD639100B30C0D /* Sources */ = {
			isa = PBXSourcesBuildPhase;
			buildActionMask = 2147483647;
			files = (
				4D01DB8B1BDD639100B30C0D /* PonduUITests.swift in Sources */,
			);
			runOnlyForDeploymentPostprocessing = 0;
		};
/* End PBXSourcesBuildPhase section */

/* Begin PBXTargetDependency section */
		4D01DB7D1BDD639100B30C0D /* PBXTargetDependency */ = {
			isa = PBXTargetDependency;
			target = 4D01DB661BDD639100B30C0D /* Pondu */;
			targetProxy = 4D01DB7C1BDD639100B30C0D /* PBXContainerItemProxy */;
		};
		4D01DB881BDD639100B30C0D /* PBXTargetDependency */ = {
			isa = PBXTargetDependency;
			target = 4D01DB661BDD639100B30C0D /* Pondu */;
			targetProxy = 4D01DB871BDD639100B30C0D /* PBXContainerItemProxy */;
		};
/* End PBXTargetDependency section */

/* Begin XCBuildConfiguration section */
		4D01DB8D1BDD639100B30C0D /* Debug */ = {
			isa = XCBuildConfiguration;
			buildSettings = {
				ALWAYS_SEARCH_USER_PATHS = NO;
				CLANG_CXX_LANGUAGE_STANDARD = "gnu++0x";
				CLANG_CXX_LIBRARY = "libc++";
				CLANG_ENABLE_MODULES = YES;
				CLANG_ENABLE_OBJC_ARC = YES;
				CLANG_WARN_BOOL_CONVERSION = YES;
				CLANG_WARN_CONSTANT_CONVERSION = YES;
				CLANG_WARN_DIRECT_OBJC_ISA_USAGE = YES_ERROR;
				CLANG_WARN_EMPTY_BODY = YES;
				CLANG_WARN_ENUM_CONVERSION = YES;
				CLANG_WARN_INT_CONVERSION = YES;
				CLANG_WARN_OBJC_ROOT_CLASS = YES_ERROR;
				CLANG_WARN_UNREACHABLE_CODE = YES;
				CLANG_WARN__DUPLICATE_METHOD_MATCH = YES;
				"CODE_SIGN_IDENTITY[sdk=iphoneos*]" = "iPhone Developer";
				COPY_PHASE_STRIP = NO;
				DEBUG_INFORMATION_FORMAT = dwarf;
				ENABLE_STRICT_OBJC_MSGSEND = YES;
				ENABLE_TESTABILITY = YES;
				GCC_C_LANGUAGE_STANDARD = gnu99;
				GCC_DYNAMIC_NO_PIC = NO;
				GCC_NO_COMMON_BLOCKS = YES;
				GCC_OPTIMIZATION_LEVEL = 0;
				GCC_PREPROCESSOR_DEFINITIONS = (
					"DEBUG=1",
					"$(inherited)",
				);
				GCC_WARN_64_TO_32_BIT_CONVERSION = YES;
				GCC_WARN_ABOUT_RETURN_TYPE = YES_ERROR;
				GCC_WARN_UNDECLARED_SELECTOR = YES;
				GCC_WARN_UNINITIALIZED_AUTOS = YES_AGGRESSIVE;
				GCC_WARN_UNUSED_FUNCTION = YES;
				GCC_WARN_UNUSED_VARIABLE = YES;
				IPHONEOS_DEPLOYMENT_TARGET = 9.1;
				MTL_ENABLE_DEBUG_INFO = YES;
				ONLY_ACTIVE_ARCH = YES;
				SDKROOT = iphoneos;
				SWIFT_OPTIMIZATION_LEVEL = "-Onone";
			};
			name = Debug;
		};
		4D01DB8E1BDD639100B30C0D /* Release */ = {
			isa = XCBuildConfiguration;
			buildSettings = {
				ALWAYS_SEARCH_USER_PATHS = NO;
				CLANG_CXX_LANGUAGE_STANDARD = "gnu++0x";
				CLANG_CXX_LIBRARY = "libc++";
				CLANG_ENABLE_MODULES = YES;
				CLANG_ENABLE_OBJC_ARC = YES;
				CLANG_WARN_BOOL_CONVERSION = YES;
				CLANG_WARN_CONSTANT_CONVERSION = YES;
				CLANG_WARN_DIRECT_OBJC_ISA_USAGE = YES_ERROR;
				CLANG_WARN_EMPTY_BODY = YES;
				CLANG_WARN_ENUM_CONVERSION = YES;
				CLANG_WARN_INT_CONVERSION = YES;
				CLANG_WARN_OBJC_ROOT_CLASS = YES_ERROR;
				CLANG_WARN_UNREACHABLE_CODE = YES;
				CLANG_WARN__DUPLICATE_METHOD_MATCH = YES;
				"CODE_SIGN_IDENTITY[sdk=iphoneos*]" = "iPhone Developer";
				COPY_PHASE_STRIP = NO;
				DEBUG_INFORMATION_FORMAT = "dwarf-with-dsym";
				ENABLE_NS_ASSERTIONS = NO;
				ENABLE_STRICT_OBJC_MSGSEND = YES;
				GCC_C_LANGUAGE_STANDARD = gnu99;
				GCC_NO_COMMON_BLOCKS = YES;
				GCC_WARN_64_TO_32_BIT_CONVERSION = YES;
				GCC_WARN_ABOUT_RETURN_TYPE = YES_ERROR;
				GCC_WARN_UNDECLARED_SELECTOR = YES;
				GCC_WARN_UNINITIALIZED_AUTOS = YES_AGGRESSIVE;
				GCC_WARN_UNUSED_FUNCTION = YES;
				GCC_WARN_UNUSED_VARIABLE = YES;
				IPHONEOS_DEPLOYMENT_TARGET = 9.1;
				MTL_ENABLE_DEBUG_INFO = NO;
				SDKROOT = iphoneos;
				VALIDATE_PRODUCT = YES;
			};
			name = Release;
		};
		4D01DB901BDD639100B30C0D /* Debug */ = {
			isa = XCBuildConfiguration;
			baseConfigurationReference = 78932290621BC3D56EBC5FA4 /* Pods.debug.xcconfig */;
			buildSettings = {
				ASSETCATALOG_COMPILER_APPICON_NAME = AppIcon;
				CODE_SIGN_IDENTITY = "iPhone Developer";
				"CODE_SIGN_IDENTITY[sdk=iphoneos*]" = "iPhone Developer";
				INFOPLIST_FILE = Pondu/Info.plist;
				IPHONEOS_DEPLOYMENT_TARGET = 9.1;
				LD_RUNPATH_SEARCH_PATHS = "$(inherited) @executable_path/Frameworks";
				PRODUCT_BUNDLE_IDENTIFIER = com.Pondu.Pondu;
				PRODUCT_NAME = "$(TARGET_NAME)";
				PROVISIONING_PROFILE = "";
				TARGETED_DEVICE_FAMILY = 1;
			};
			name = Debug;
		};
		4D01DB911BDD639100B30C0D /* Release */ = {
			isa = XCBuildConfiguration;
			baseConfigurationReference = AEAEA2AD6909E8F8C4063850 /* Pods.release.xcconfig */;
			buildSettings = {
				ASSETCATALOG_COMPILER_APPICON_NAME = AppIcon;
				CODE_SIGN_IDENTITY = "iPhone Developer";
				"CODE_SIGN_IDENTITY[sdk=iphoneos*]" = "iPhone Developer";
				INFOPLIST_FILE = Pondu/Info.plist;
				IPHONEOS_DEPLOYMENT_TARGET = 9.1;
				LD_RUNPATH_SEARCH_PATHS = "$(inherited) @executable_path/Frameworks";
				PRODUCT_BUNDLE_IDENTIFIER = com.Pondu.Pondu;
				PRODUCT_NAME = "$(TARGET_NAME)";
				PROVISIONING_PROFILE = "";
				TARGETED_DEVICE_FAMILY = 1;
			};
			name = Release;
		};
		4D01DB931BDD639100B30C0D /* Debug */ = {
			isa = XCBuildConfiguration;
			buildSettings = {
				BUNDLE_LOADER = "$(TEST_HOST)";
				INFOPLIST_FILE = PonduTests/Info.plist;
				LD_RUNPATH_SEARCH_PATHS = "$(inherited) @executable_path/Frameworks @loader_path/Frameworks";
				PRODUCT_BUNDLE_IDENTIFIER = com.Pondu.PonduTests;
				PRODUCT_NAME = "$(TARGET_NAME)";
				TEST_HOST = "$(BUILT_PRODUCTS_DIR)/Pondu.app/Pondu";
			};
			name = Debug;
		};
		4D01DB941BDD639100B30C0D /* Release */ = {
			isa = XCBuildConfiguration;
			buildSettings = {
				BUNDLE_LOADER = "$(TEST_HOST)";
				INFOPLIST_FILE = PonduTests/Info.plist;
				LD_RUNPATH_SEARCH_PATHS = "$(inherited) @executable_path/Frameworks @loader_path/Frameworks";
				PRODUCT_BUNDLE_IDENTIFIER = com.Pondu.PonduTests;
				PRODUCT_NAME = "$(TARGET_NAME)";
				TEST_HOST = "$(BUILT_PRODUCTS_DIR)/Pondu.app/Pondu";
			};
			name = Release;
		};
		4D01DB961BDD639100B30C0D /* Debug */ = {
			isa = XCBuildConfiguration;
			buildSettings = {
				INFOPLIST_FILE = PonduUITests/Info.plist;
				LD_RUNPATH_SEARCH_PATHS = "$(inherited) @executable_path/Frameworks @loader_path/Frameworks";
				PRODUCT_BUNDLE_IDENTIFIER = com.Pondu.PonduUITests;
				PRODUCT_NAME = "$(TARGET_NAME)";
				TEST_TARGET_NAME = Pondu;
				USES_XCTRUNNER = YES;
			};
			name = Debug;
		};
		4D01DB971BDD639100B30C0D /* Release */ = {
			isa = XCBuildConfiguration;
			buildSettings = {
				INFOPLIST_FILE = PonduUITests/Info.plist;
				LD_RUNPATH_SEARCH_PATHS = "$(inherited) @executable_path/Frameworks @loader_path/Frameworks";
				PRODUCT_BUNDLE_IDENTIFIER = com.Pondu.PonduUITests;
				PRODUCT_NAME = "$(TARGET_NAME)";
				TEST_TARGET_NAME = Pondu;
				USES_XCTRUNNER = YES;
			};
			name = Release;
		};
/* End XCBuildConfiguration section */

/* Begin XCConfigurationList section */
		4D01DB621BDD639100B30C0D /* Build configuration list for PBXProject "Pondu" */ = {
			isa = XCConfigurationList;
			buildConfigurations = (
				4D01DB8D1BDD639100B30C0D /* Debug */,
				4D01DB8E1BDD639100B30C0D /* Release */,
			);
			defaultConfigurationIsVisible = 0;
			defaultConfigurationName = Release;
		};
		4D01DB8F1BDD639100B30C0D /* Build configuration list for PBXNativeTarget "Pondu" */ = {
			isa = XCConfigurationList;
			buildConfigurations = (
				4D01DB901BDD639100B30C0D /* Debug */,
				4D01DB911BDD639100B30C0D /* Release */,
			);
			defaultConfigurationIsVisible = 0;
			defaultConfigurationName = Release;
		};
		4D01DB921BDD639100B30C0D /* Build configuration list for PBXNativeTarget "PonduTests" */ = {
			isa = XCConfigurationList;
			buildConfigurations = (
				4D01DB931BDD639100B30C0D /* Debug */,
				4D01DB941BDD639100B30C0D /* Release */,
			);
			defaultConfigurationIsVisible = 0;
			defaultConfigurationName = Release;
		};
		4D01DB951BDD639100B30C0D /* Build configuration list for PBXNativeTarget "PonduUITests" */ = {
			isa = XCConfigurationList;
			buildConfigurations = (
				4D01DB961BDD639100B30C0D /* Debug */,
				4D01DB971BDD639100B30C0D /* Release */,
			);
			defaultConfigurationIsVisible = 0;
			defaultConfigurationName = Release;
		};
/* End XCConfigurationList section */
	};
	rootObject = 4D01DB5F1BDD639100B30C0D /* Project object */;
}
